
Microsoft Visual Studio Solution File, Format Version 12.00
# Visual Studio Version 16
VisualStudioVersion = 16.0.29424.173
MinimumVisualStudioVersion = 10.0.40219.1
Project("{FAE04EC0-301F-11D3-BF4B-00C04F79EFBC}") = "Lesson4-1", "Lesson4-1\Lesson4-1.csproj", "{DCB64E89-8134-4118-A759-3960FC1B581B}"
EndProject
Global
	GlobalSection(SolutionConfigurationPlatforms) = preSolution
		Debug|Any CPU = Debug|Any CPU
		Release|Any CPU = Release|Any CPU
	EndGlobalSection
	GlobalSection(ProjectConfigurationPlatforms) = postSolution
		{DCB64E89-8134-4118-A759-3960FC1B581B}.Debug|Any CPU.ActiveCfg = Debug|Any CPU
		{DCB64E89-8134-4118-A759-3960FC1B581B}.Debug|Any CPU.Build.0 = Debug|Any CPU
		{DCB64E89-8134-4118-A759-3960FC1B581B}.Release|Any CPU.ActiveCfg = Release|Any CPU
		{DCB64E89-8134-4118-A759-3960FC1B581B}.Release|Any CPU.Build.0 = Release|Any CPU
	EndGlobalSection
	GlobalSection(SolutionProperties) = preSolution
		HideSolutionNode = FALSE
	EndGlobalSection
	GlobalSection(ExtensibilityGlobals) = postSolution
		SolutionGuid = {935211D6-4044-45DC-BFB3-E445ABD53E60}
	EndGlobalSection
EndGlobal
